
Microsoft Visual Studio Solution File, Format Version 12.00
# Visual Studio Version 17
VisualStudioVersion = 17.0.32014.148
MinimumVisualStudioVersion = 10.0.40219.1
Project("{9A19103F-16F7-4668-BE54-9A1E7A4F7556}") = "Delegates", "Delegates\Delegates.csproj", "{922B337A-BD34-4F5E-8229-B9597B8F1CF7}"
EndProject
Project("{9A19103F-16F7-4668-BE54-9A1E7A4F7556}") = "Collections", "Collections\Collections.csproj", "{55E9823E-6621-4656-8C00-2EB6C508C9AB}"
EndProject
Project("{9A19103F-16F7-4668-BE54-9A1E7A4F7556}") = "Attributes", "Attributes\Attributes.csproj", "{BB1EDFE0-1207-4336-9A16-33F381D0BAB2}"
EndProject
Project("{9A19103F-16F7-4668-BE54-9A1E7A4F7556}") = "Events", "Events\Events.csproj", "{F2CABB11-3636-42D1-B26B-49DFAFAA9045}"
EndProject
Project("{9A19103F-16F7-4668-BE54-9A1E7A4F7556}") = "Classes", "Types\Classes.csproj", "{3F931145-0E9B-4124-9229-B1A0BB38B251}"
EndProject
Project("{9A19103F-16F7-4668-BE54-9A1E7A4F7556}") = "Records", "Records\Records.csproj", "{6BCF08CE-09E6-4F93-AEDC-9B3BEF8F966E}"
EndProject
Project("{9A19103F-16F7-4668-BE54-9A1E7A4F7556}") = "PartialClasses", "PartialClasses\PartialClasses.csproj", "{B504D160-0C36-442C-A33C-9232BE16BB4D}"
EndProject
Project("{9A19103F-16F7-4668-BE54-9A1E7A4F7556}") = "Nullable", "Nullable\Nullable.csproj", "{551F1FCB-DE5B-4CB3-84B0-8FBD596F270A}"
EndProject
Project("{9A19103F-16F7-4668-BE54-9A1E7A4F7556}") = "LINQ", "LINQ\LINQ.csproj", "{AB880DE4-D9B5-41FD-9B73-70560D8827BA}"
EndProject
Project("{9A19103F-16F7-4668-BE54-9A1E7A4F7556}") = "Indexers", "Indexers\Indexers.csproj", "{F777F4B5-B34D-491C-8D1B-8411EEB903D4}"
EndProject
Project("{9A19103F-16F7-4668-BE54-9A1E7A4F7556}") = "Properties", "Properties\Properties.csproj", "{006B809C-D6F5-4603-9921-2BDFED1EAD3D}"
EndProject
Project("{9A19103F-16F7-4668-BE54-9A1E7A4F7556}") = "WriteSafeEfficientCode", "WriteSafeEfficientCode\WriteSafeEfficientCode.csproj", "{B35A67C9-E631-4389-892A-BDE861CFE268}"
EndProject
Project("{9A19103F-16F7-4668-BE54-9A1E7A4F7556}") = "Members", "Members\Members.csproj", "{11C9A779-1811-4942-BC4F-96948AC6BD2E}"
EndProject
Project("{9A19103F-16F7-4668-BE54-9A1E7A4F7556}") = "Polymorphism", "Polymorphism\Polymorphism.csproj", "{8E9F774D-2856-4904-B9A4-7173A97074EB}"
EndProject
Project("{9A19103F-16F7-4668-BE54-9A1E7A4F7556}") = "Strings", "Strings\Strings.csproj", "{006EBE38-F2D4-4155-8201-0F8D8A02C038}"
EndProject
Project("{9A19103F-16F7-4668-BE54-9A1E7A4F7556}") = "Arrays", "Arrays\Arrays.csproj", "{20AEB530-C0D0-4E7F-9A1E-F0EB3AC99283}"
EndProject
Project("{9A19103F-16F7-4668-BE54-9A1E7A4F7556}") = "FileSystem", "FileSystem\FileSystem.csproj", "{479C0F69-40F8-420A-9D82-00F65C1A138C}"
EndProject
Project("{9A19103F-16F7-4668-BE54-9A1E7A4F7556}") = "Interoperability", "Interoperability\Interoperability.csproj", "{10EAF577-BD3C-4ED2-9821-E150FC56840E}"
EndProject
Project("{9A19103F-16F7-4668-BE54-9A1E7A4F7556}") = "Registry", "Registry\Registry.csproj", "{7E2BEC34-C2A9-43E0-A1D0-4AA167EEB664}"
EndProject
Project("{9A19103F-16F7-4668-BE54-9A1E7A4F7556}") = "Generics", "Generic\Generics.csproj", "{D637F55C-125E-420C-8E74-DDA2C029D649}"
EndProject
Project("{9A19103F-16F7-4668-BE54-9A1E7A4F7556}") = "Structs", "Structs\Structs.csproj", "{CCC4272D-DD63-4911-9EB3-8D64577CF292}"
EndProject
Project("{9A19103F-16F7-4668-BE54-9A1E7A4F7556}") = "AnonymousTypes", "AnonymousTypes\AnonymousTypes.csproj", "{3D56C1D9-BE56-4CA9-AF3D-B7FF6B13B036}"
EndProject
Project("{9A19103F-16F7-4668-BE54-9A1E7A4F7556}") = "Namespaces", "Namespaces\Namespaces.csproj", "{AC232660-7822-463D-8506-D5D8FF64C507}"
EndProject
Project("{9A19103F-16F7-4668-BE54-9A1E7A4F7556}") = "Encapsulation", "Encapsulation\Encapsulation.csproj", "{09A3E466-4AF1-4D44-999C-A8A37D1C5ED2}"
EndProject
Project("{9A19103F-16F7-4668-BE54-9A1E7A4F7556}") = "Constants", "Constants\Constants.csproj", "{C1EA48A9-C2B7-4215-B91A-1927D5A4333A}"
EndProject
Project("{9A19103F-16F7-4668-BE54-9A1E7A4F7556}") = "References", "References\References.csproj", "{FE93AB77-A78E-4C2B-8346-F79B11C96544}"
EndProject
Project("{9A19103F-16F7-4668-BE54-9A1E7A4F7556}") = "Interfaces", "Interfaces\Interfaces.csproj", "{CF092B74-C6C9-4A3D-848F-0268726525DD}"
EndProject
Project("{9A19103F-16F7-4668-BE54-9A1E7A4F7556}") = "EncapsulationMain", "EncapsulationMain\EncapsulationMain.csproj", "{BC43169A-5590-413A-ADAE-3AE6D72EB17F}"
EndProject
Project("{FAE04EC0-301F-11D3-BF4B-00C04F79EFBC}") = "SOLID_DRY_KISS", "SOLID_DRY_KISS\SOLID_DRY_KISS.csproj", "{FC29B675-612E-4B6D-A762-43F64B3C919B}"
EndProject
Global
	GlobalSection(SolutionConfigurationPlatforms) = preSolution
		Debug|Any CPU = Debug|Any CPU
		Release|Any CPU = Release|Any CPU
	EndGlobalSection
	GlobalSection(ProjectConfigurationPlatforms) = postSolution
		{922B337A-BD34-4F5E-8229-B9597B8F1CF7}.Debug|Any CPU.ActiveCfg = Debug|Any CPU
		{922B337A-BD34-4F5E-8229-B9597B8F1CF7}.Debug|Any CPU.Build.0 = Debug|Any CPU
		{922B337A-BD34-4F5E-8229-B9597B8F1CF7}.Release|Any CPU.ActiveCfg = Release|Any CPU
		{922B337A-BD34-4F5E-8229-B9597B8F1CF7}.Release|Any CPU.Build.0 = Release|Any CPU
		{55E9823E-6621-4656-8C00-2EB6C508C9AB}.Debug|Any CPU.ActiveCfg = Debug|Any CPU
		{55E9823E-6621-4656-8C00-2EB6C508C9AB}.Debug|Any CPU.Build.0 = Debug|Any CPU
		{55E9823E-6621-4656-8C00-2EB6C508C9AB}.Release|Any CPU.ActiveCfg = Release|Any CPU
		{55E9823E-6621-4656-8C00-2EB6C508C9AB}.Release|Any CPU.Build.0 = Release|Any CPU
		{BB1EDFE0-1207-4336-9A16-33F381D0BAB2}.Debug|Any CPU.ActiveCfg = Debug|Any CPU
		{BB1EDFE0-1207-4336-9A16-33F381D0BAB2}.Debug|Any CPU.Build.0 = Debug|Any CPU
		{BB1EDFE0-1207-4336-9A16-33F381D0BAB2}.Release|Any CPU.ActiveCfg = Release|Any CPU
		{BB1EDFE0-1207-4336-9A16-33F381D0BAB2}.Release|Any CPU.Build.0 = Release|Any CPU
		{F2CABB11-3636-42D1-B26B-49DFAFAA9045}.Debug|Any CPU.ActiveCfg = Debug|Any CPU
		{F2CABB11-3636-42D1-B26B-49DFAFAA9045}.Debug|Any CPU.Build.0 = Debug|Any CPU
		{F2CABB11-3636-42D1-B26B-49DFAFAA9045}.Release|Any CPU.ActiveCfg = Release|Any CPU
		{F2CABB11-3636-42D1-B26B-49DFAFAA9045}.Release|Any CPU.Build.0 = Release|Any CPU
		{3F931145-0E9B-4124-9229-B1A0BB38B251}.Debug|Any CPU.ActiveCfg = Debug|Any CPU
		{3F931145-0E9B-4124-9229-B1A0BB38B251}.Debug|Any CPU.Build.0 = Debug|Any CPU
		{3F931145-0E9B-4124-9229-B1A0BB38B251}.Release|Any CPU.ActiveCfg = Release|Any CPU
		{3F931145-0E9B-4124-9229-B1A0BB38B251}.Release|Any CPU.Build.0 = Release|Any CPU
		{6BCF08CE-09E6-4F93-AEDC-9B3BEF8F966E}.Debug|Any CPU.ActiveCfg = Debug|Any CPU
		{6BCF08CE-09E6-4F93-AEDC-9B3BEF8F966E}.Debug|Any CPU.Build.0 = Debug|Any CPU
		{6BCF08CE-09E6-4F93-AEDC-9B3BEF8F966E}.Release|Any CPU.ActiveCfg = Release|Any CPU
		{6BCF08CE-09E6-4F93-AEDC-9B3BEF8F966E}.Release|Any CPU.Build.0 = Release|Any CPU
		{B504D160-0C36-442C-A33C-9232BE16BB4D}.Debug|Any CPU.ActiveCfg = Debug|Any CPU
		{B504D160-0C36-442C-A33C-9232BE16BB4D}.Debug|Any CPU.Build.0 = Debug|Any CPU
		{B504D160-0C36-442C-A33C-9232BE16BB4D}.Release|Any CPU.ActiveCfg = Release|Any CPU
		{B504D160-0C36-442C-A33C-9232BE16BB4D}.Release|Any CPU.Build.0 = Release|Any CPU
		{551F1FCB-DE5B-4CB3-84B0-8FBD596F270A}.Debug|Any CPU.ActiveCfg = Debug|Any CPU
		{551F1FCB-DE5B-4CB3-84B0-8FBD596F270A}.Debug|Any CPU.Build.0 = Debug|Any CPU
		{551F1FCB-DE5B-4CB3-84B0-8FBD596F270A}.Release|Any CPU.ActiveCfg = Release|Any CPU
		{551F1FCB-DE5B-4CB3-84B0-8FBD596F270A}.Release|Any CPU.Build.0 = Release|Any CPU
		{AB880DE4-D9B5-41FD-9B73-70560D8827BA}.Debug|Any CPU.ActiveCfg = Debug|Any CPU
		{AB880DE4-D9B5-41FD-9B73-70560D8827BA}.Debug|Any CPU.Build.0 = Debug|Any CPU
		{AB880DE4-D9B5-41FD-9B73-70560D8827BA}.Release|Any CPU.ActiveCfg = Release|Any CPU
		{AB880DE4-D9B5-41FD-9B73-70560D8827BA}.Release|Any CPU.Build.0 = Release|Any CPU
		{F777F4B5-B34D-491C-8D1B-8411EEB903D4}.Debug|Any CPU.ActiveCfg = Debug|Any CPU
		{F777F4B5-B34D-491C-8D1B-8411EEB903D4}.Debug|Any CPU.Build.0 = Debug|Any CPU
		{F777F4B5-B34D-491C-8D1B-8411EEB903D4}.Release|Any CPU.ActiveCfg = Release|Any CPU
		{F777F4B5-B34D-491C-8D1B-8411EEB903D4}.Release|Any CPU.Build.0 = Release|Any CPU
		{006B809C-D6F5-4603-9921-2BDFED1EAD3D}.Debug|Any CPU.ActiveCfg = Debug|Any CPU
		{006B809C-D6F5-4603-9921-2BDFED1EAD3D}.Debug|Any CPU.Build.0 = Debug|Any CPU
		{006B809C-D6F5-4603-9921-2BDFED1EAD3D}.Release|Any CPU.ActiveCfg = Release|Any CPU
		{006B809C-D6F5-4603-9921-2BDFED1EAD3D}.Release|Any CPU.Build.0 = Release|Any CPU
		{B35A67C9-E631-4389-892A-BDE861CFE268}.Debug|Any CPU.ActiveCfg = Debug|Any CPU
		{B35A67C9-E631-4389-892A-BDE861CFE268}.Debug|Any CPU.Build.0 = Debug|Any CPU
		{B35A67C9-E631-4389-892A-BDE861CFE268}.Release|Any CPU.ActiveCfg = Release|Any CPU
		{B35A67C9-E631-4389-892A-BDE861CFE268}.Release|Any CPU.Build.0 = Release|Any CPU
		{11C9A779-1811-4942-BC4F-96948AC6BD2E}.Debug|Any CPU.ActiveCfg = Debug|Any CPU
		{11C9A779-1811-4942-BC4F-96948AC6BD2E}.Debug|Any CPU.Build.0 = Debug|Any CPU
		{11C9A779-1811-4942-BC4F-96948AC6BD2E}.Release|Any CPU.ActiveCfg = Release|Any CPU
		{11C9A779-1811-4942-BC4F-96948AC6BD2E}.Release|Any CPU.Build.0 = Release|Any CPU
		{8E9F774D-2856-4904-B9A4-7173A97074EB}.Debug|Any CPU.ActiveCfg = Debug|Any CPU
		{8E9F774D-2856-4904-B9A4-7173A97074EB}.Debug|Any CPU.Build.0 = Debug|Any CPU
		{8E9F774D-2856-4904-B9A4-7173A97074EB}.Release|Any CPU.ActiveCfg = Release|Any CPU
		{8E9F774D-2856-4904-B9A4-7173A97074EB}.Release|Any CPU.Build.0 = Release|Any CPU
		{006EBE38-F2D4-4155-8201-0F8D8A02C038}.Debug|Any CPU.ActiveCfg = Debug|Any CPU
		{006EBE38-F2D4-4155-8201-0F8D8A02C038}.Debug|Any CPU.Build.0 = Debug|Any CPU
		{006EBE38-F2D4-4155-8201-0F8D8A02C038}.Release|Any CPU.ActiveCfg = Release|Any CPU
		{006EBE38-F2D4-4155-8201-0F8D8A02C038}.Release|Any CPU.Build.0 = Release|Any CPU
		{20AEB530-C0D0-4E7F-9A1E-F0EB3AC99283}.Debug|Any CPU.ActiveCfg = Debug|Any CPU
		{20AEB530-C0D0-4E7F-9A1E-F0EB3AC99283}.Debug|Any CPU.Build.0 = Debug|Any CPU
		{20AEB530-C0D0-4E7F-9A1E-F0EB3AC99283}.Release|Any CPU.ActiveCfg = Release|Any CPU
		{20AEB530-C0D0-4E7F-9A1E-F0EB3AC99283}.Release|Any CPU.Build.0 = Release|Any CPU
		{479C0F69-40F8-420A-9D82-00F65C1A138C}.Debug|Any CPU.ActiveCfg = Debug|Any CPU
		{479C0F69-40F8-420A-9D82-00F65C1A138C}.Debug|Any CPU.Build.0 = Debug|Any CPU
		{479C0F69-40F8-420A-9D82-00F65C1A138C}.Release|Any CPU.ActiveCfg = Release|Any CPU
		{479C0F69-40F8-420A-9D82-00F65C1A138C}.Release|Any CPU.Build.0 = Release|Any CPU
		{10EAF577-BD3C-4ED2-9821-E150FC56840E}.Debug|Any CPU.ActiveCfg = Debug|Any CPU
		{10EAF577-BD3C-4ED2-9821-E150FC56840E}.Debug|Any CPU.Build.0 = Debug|Any CPU
		{10EAF577-BD3C-4ED2-9821-E150FC56840E}.Release|Any CPU.ActiveCfg = Release|Any CPU
		{10EAF577-BD3C-4ED2-9821-E150FC56840E}.Release|Any CPU.Build.0 = Release|Any CPU
		{7E2BEC34-C2A9-43E0-A1D0-4AA167EEB664}.Debug|Any CPU.ActiveCfg = Debug|Any CPU
		{7E2BEC34-C2A9-43E0-A1D0-4AA167EEB664}.Debug|Any CPU.Build.0 = Debug|Any CPU
		{7E2BEC34-C2A9-43E0-A1D0-4AA167EEB664}.Release|Any CPU.ActiveCfg = Release|Any CPU
		{7E2BEC34-C2A9-43E0-A1D0-4AA167EEB664}.Release|Any CPU.Build.0 = Release|Any CPU
		{D637F55C-125E-420C-8E74-DDA2C029D649}.Debug|Any CPU.ActiveCfg = Debug|Any CPU
		{D637F55C-125E-420C-8E74-DDA2C029D649}.Debug|Any CPU.Build.0 = Debug|Any CPU
		{D637F55C-125E-420C-8E74-DDA2C029D649}.Release|Any CPU.ActiveCfg = Release|Any CPU
		{D637F55C-125E-420C-8E74-DDA2C029D649}.Release|Any CPU.Build.0 = Release|Any CPU
		{CCC4272D-DD63-4911-9EB3-8D64577CF292}.Debug|Any CPU.ActiveCfg = Debug|Any CPU
		{CCC4272D-DD63-4911-9EB3-8D64577CF292}.Debug|Any CPU.Build.0 = Debug|Any CPU
		{CCC4272D-DD63-4911-9EB3-8D64577CF292}.Release|Any CPU.ActiveCfg = Release|Any CPU
		{CCC4272D-DD63-4911-9EB3-8D64577CF292}.Release|Any CPU.Build.0 = Release|Any CPU
		{3D56C1D9-BE56-4CA9-AF3D-B7FF6B13B036}.Debug|Any CPU.ActiveCfg = Debug|Any CPU
		{3D56C1D9-BE56-4CA9-AF3D-B7FF6B13B036}.Debug|Any CPU.Build.0 = Debug|Any CPU
		{3D56C1D9-BE56-4CA9-AF3D-B7FF6B13B036}.Release|Any CPU.ActiveCfg = Release|Any CPU
		{3D56C1D9-BE56-4CA9-AF3D-B7FF6B13B036}.Release|Any CPU.Build.0 = Release|Any CPU
		{AC232660-7822-463D-8506-D5D8FF64C507}.Debug|Any CPU.ActiveCfg = Debug|Any CPU
		{AC232660-7822-463D-8506-D5D8FF64C507}.Debug|Any CPU.Build.0 = Debug|Any CPU
		{AC232660-7822-463D-8506-D5D8FF64C507}.Release|Any CPU.ActiveCfg = Release|Any CPU
		{AC232660-7822-463D-8506-D5D8FF64C507}.Release|Any CPU.Build.0 = Release|Any CPU
		{09A3E466-4AF1-4D44-999C-A8A37D1C5ED2}.Debug|Any CPU.ActiveCfg = Debug|Any CPU
		{09A3E466-4AF1-4D44-999C-A8A37D1C5ED2}.Debug|Any CPU.Build.0 = Debug|Any CPU
		{09A3E466-4AF1-4D44-999C-A8A37D1C5ED2}.Release|Any CPU.ActiveCfg = Release|Any CPU
		{09A3E466-4AF1-4D44-999C-A8A37D1C5ED2}.Release|Any CPU.Build.0 = Release|Any CPU
		{C1EA48A9-C2B7-4215-B91A-1927D5A4333A}.Debug|Any CPU.ActiveCfg = Debug|Any CPU
		{C1EA48A9-C2B7-4215-B91A-1927D5A4333A}.Debug|Any CPU.Build.0 = Debug|Any CPU
		{C1EA48A9-C2B7-4215-B91A-1927D5A4333A}.Release|Any CPU.ActiveCfg = Release|Any CPU
		{C1EA48A9-C2B7-4215-B91A-1927D5A4333A}.Release|Any CPU.Build.0 = Release|Any CPU
		{FE93AB77-A78E-4C2B-8346-F79B11C96544}.Debug|Any CPU.ActiveCfg = Debug|Any CPU
		{FE93AB77-A78E-4C2B-8346-F79B11C96544}.Debug|Any CPU.Build.0 = Debug|Any CPU
		{FE93AB77-A78E-4C2B-8346-F79B11C96544}.Release|Any CPU.ActiveCfg = Release|Any CPU
		{FE93AB77-A78E-4C2B-8346-F79B11C96544}.Release|Any CPU.Build.0 = Release|Any CPU
		{CF092B74-C6C9-4A3D-848F-0268726525DD}.Debug|Any CPU.ActiveCfg = Debug|Any CPU
		{CF092B74-C6C9-4A3D-848F-0268726525DD}.Debug|Any CPU.Build.0 = Debug|Any CPU
		{CF092B74-C6C9-4A3D-848F-0268726525DD}.Release|Any CPU.ActiveCfg = Release|Any CPU
		{CF092B74-C6C9-4A3D-848F-0268726525DD}.Release|Any CPU.Build.0 = Release|Any CPU
		{BC43169A-5590-413A-ADAE-3AE6D72EB17F}.Debug|Any CPU.ActiveCfg = Debug|Any CPU
		{BC43169A-5590-413A-ADAE-3AE6D72EB17F}.Debug|Any CPU.Build.0 = Debug|Any CPU
		{BC43169A-5590-413A-ADAE-3AE6D72EB17F}.Release|Any CPU.ActiveCfg = Release|Any CPU
		{BC43169A-5590-413A-ADAE-3AE6D72EB17F}.Release|Any CPU.Build.0 = Release|Any CPU
		{FC29B675-612E-4B6D-A762-43F64B3C919B}.Debug|Any CPU.ActiveCfg = Debug|Any CPU
		{FC29B675-612E-4B6D-A762-43F64B3C919B}.Debug|Any CPU.Build.0 = Debug|Any CPU
		{FC29B675-612E-4B6D-A762-43F64B3C919B}.Release|Any CPU.ActiveCfg = Release|Any CPU
		{FC29B675-612E-4B6D-A762-43F64B3C919B}.Release|Any CPU.Build.0 = Release|Any CPU
	EndGlobalSection
	GlobalSection(SolutionProperties) = preSolution
		HideSolutionNode = FALSE
	EndGlobalSection
	GlobalSection(ExtensibilityGlobals) = postSolution
		SolutionGuid = {75FF4EF9-4D33-4E8B-95C1-FBAB664F6670}
	EndGlobalSection
EndGlobal
